
Microsoft Visual Studio Solution File, Format Version 12.00
# Visual Studio Version 16
VisualStudioVersion = 16.0.33214.272
MinimumVisualStudioVersion = 10.0.40219.1
Project("{FAE04EC0-301F-11D3-BF4B-00C04F79EFBC}") = "Mission04_mh828", "Mission04_mh828\Mission04_mh828.csproj", "{8FA91119-4277-4875-A513-450CCAAC8C6B}"
EndProject
Global
	GlobalSection(SolutionConfigurationPlatforms) = preSolution
		Debug|Any CPU = Debug|Any CPU
		Release|Any CPU = Release|Any CPU
	EndGlobalSection
	GlobalSection(ProjectConfigurationPlatforms) = postSolution
		{8FA91119-4277-4875-A513-450CCAAC8C6B}.Debug|Any CPU.ActiveCfg = Debug|Any CPU
		{8FA91119-4277-4875-A513-450CCAAC8C6B}.Debug|Any CPU.Build.0 = Debug|Any CPU
		{8FA91119-4277-4875-A513-450CCAAC8C6B}.Release|Any CPU.ActiveCfg = Release|Any CPU
		{8FA91119-4277-4875-A513-450CCAAC8C6B}.Release|Any CPU.Build.0 = Release|Any CPU
	EndGlobalSection
	GlobalSection(SolutionProperties) = preSolution
		HideSolutionNode = FALSE
	EndGlobalSection
	GlobalSection(ExtensibilityGlobals) = postSolution
		SolutionGuid = {04DF37ED-3E93-4FA0-850E-71E794264ABB}
	EndGlobalSection
EndGlobal
